Microsoft Visual Studio Solution File, Format Version 12.00
# Visual Studio 15
VisualStudioVersion = 15.0.26430.16
MinimumVisualStudioVersion = 10.0.40219.1
Project("{8BC9CEB8-8B4A-11D0-8D11-00A0C91BC942}") = "age", "chap01\age\age.vcxproj", "{F56A8D3F-1E49-3774-AA9B-E303B23D5E16}"
EndProject
Project("{8BC9CEB8-8B4A-11D0-8D11-00A0C91BC942}") = "hello", "chap01\hello\hello.vcxproj", "{5BAAF9DA-075B-3A48-B6FE-E6B3F0AEA8B9}"
EndProject
Project("{8BC9CEB8-8B4A-11D0-8D11-00A0C91BC942}") = "quit", "chap01\quit\quit.vcxproj", "{4D5A1698-224B-3DDF-91E9-FC7CE7405BAB}"
EndProject
Project("{8BC9CEB8-8B4A-11D0-8D11-00A0C91BC942}") = "find", "chap02\find\find.vcxproj", "{B52DD353-FD12-30D7-8E22-C3E56CC404A5}"
EndProject
Project("{8BC9CEB8-8B4A-11D0-8D11-00A0C91BC942}") = "gotocell1", "chap02\gotocell1\gotocell1.vcxproj", "{053368A7-5FAF-31F7-BA5D-1097CC8B8C56}"
EndProject
Project("{8BC9CEB8-8B4A-11D0-8D11-00A0C91BC942}") = "gotocell2", "chap02\gotocell2\gotocell2.vcxproj", "{371217E5-043E-3193-9BDC-E1F4DDAC110D}"
EndProject
Project("{8BC9CEB8-8B4A-11D0-8D11-00A0C91BC942}") = "gotocell3", "chap02\gotocell3\gotocell3.vcxproj", "{41FA2D6F-818F-345B-8935-710ED64AE3E3}"
EndProject
Project("{8BC9CEB8-8B4A-11D0-8D11-00A0C91BC942}") = "sort", "chap02\sort\sort.vcxproj", "{90187139-238A-3DA0-9233-0B2E7B95AA15}"
EndProject
Project("{8BC9CEB8-8B4A-11D0-8D11-00A0C91BC942}") = "spreadsheet", "chap03\spreadsheet\spreadsheet.vcxproj", "{0BA04EF5-5102-3699-8EE2-ED03275B9F85}"
EndProject
Project("{8BC9CEB8-8B4A-11D0-8D11-00A0C91BC942}") = "spreadsheet", "chap04\spreadsheet\spreadsheet.vcxproj", "{11D75CB6-E66A-33DE-9C3D-09A2BFA5331A}"
EndProject
Project("{8BC9CEB8-8B4A-11D0-8D11-00A0C91BC942}") = "hexspinbox", "chap05\hexspinbox\hexspinbox.vcxproj", "{8AB356D0-DA68-3C9C-8691-8438F232443D}"
EndProject
Project("{8BC9CEB8-8B4A-11D0-8D11-00A0C91BC942}") = "iconeditor", "chap05\iconeditor\iconeditor.vcxproj", "{CC191209-028C-3F0B-8CC9-F5F941C0456F}"
EndProject
Project("{8BC9CEB8-8B4A-11D0-8D11-00A0C91BC942}") = "iconeditorplugin", "chap05\iconeditorplugin\iconeditorplugin.vcxproj", "{10A49F08-37C0-31F5-ABFD-219391F2D278}"
EndProject
Project("{8BC9CEB8-8B4A-11D0-8D11-00A0C91BC942}") = "plotter", "chap05\plotter\plotter.vcxproj", "{B75731D1-7F71-3251-9CA4-9FB2B2C2BF63}"
EndProject
Project("{8BC9CEB8-8B4A-11D0-8D11-00A0C91BC942}") = "findfile1", "chap06\findfile1\findfile1.vcxproj", "{2B90E5CD-CD05-3DF1-BA1E-849AC8742123}"
EndProject
Project("{8BC9CEB8-8B4A-11D0-8D11-00A0C91BC942}") = "findfile2", "chap06\findfile2\findfile2.vcxproj", "{1725D521-EB6D-3284-87F2-34A67957EB3F}"
EndProject
Project("{8BC9CEB8-8B4A-11D0-8D11-00A0C91BC942}") = "findfile3", "chap06\findfile3\findfile3.vcxproj", "{28EA0D4B-A84D-3020-8E9D-4F2349D31BEE}"
EndProject
Project("{8BC9CEB8-8B4A-11D0-8D11-00A0C91BC942}") = "mailclient", "chap06\mailclient\mailclient.vcxproj", "{BA960010-D7B6-341F-B609-63E9214731CA}"
EndProject
Project("{8BC9CEB8-8B4A-11D0-8D11-00A0C91BC942}") = "mdieditor", "chap06\mdieditor\mdieditor.vcxproj", "{6BD453C3-281B-3091-9AB9-A5F570C1A8A5}"
EndProject
Project("{8BC9CEB8-8B4A-11D0-8D11-00A0C91BC942}") = "preferences", "chap06\preferences\preferences.vcxproj", "{9319630A-4D9E-3442-843F-10EEB250E9FD}"
EndProject
Project("{8BC9CEB8-8B4A-11D0-8D11-00A0C91BC942}") = "splitter", "chap06\splitter\splitter.vcxproj", "{84C92EB0-2EEE-3B66-81E7-96A2D9ECAEC7}"
EndProject
Project("{8BC9CEB8-8B4A-11D0-8D11-00A0C91BC942}") = "ticker", "chap07\ticker\ticker.vcxproj", "{1F951D07-0B96-3A4C-A457-E11BD7C187BD}"
EndProject
Project("{8BC9CEB8-8B4A-11D0-8D11-00A0C91BC942}") = "cityscape", "chap08\cityscape\cityscape.vcxproj", "{446CFB8F-4A89-32B0-8C4A-660BFB405924}"
EndProject
Project("{8BC9CEB8-8B4A-11D0-8D11-00A0C91BC942}") = "diagram", "chap08\diagram\diagram.vcxproj", "{6BCF1F68-720A-3931-B6A0-B13CAFDAC78C}"
EndProject
Project("{8BC9CEB8-8B4A-11D0-8D11-00A0C91BC942}") = "oventimer", "chap08\oventimer\oventimer.vcxproj", "{DA7CD1D3-D841-37D2-AC8F-151789987FF4}"
EndProject
Project("{8BC9CEB8-8B4A-11D0-8D11-00A0C91BC942}") = "projectchooser", "chap09\projectchooser\projectchooser.vcxproj", "{92162BD0-A73E-3363-B66B-8F7FAE7E31CD}"
EndProject
Project("{8BC9CEB8-8B4A-11D0-8D11-00A0C91BC942}") = "booleanparser", "chap10\booleanparser\booleanparser.vcxproj", "{44E9555E-28A5-3052-AC4C-1E0296C08BFE}"
EndProject
Project("{8BC9CEB8-8B4A-11D0-8D11-00A0C91BC942}") = "cities", "chap10\cities\cities.vcxproj", "{FB802CF4-EC3F-30AB-8FA7-DD5DBD865633}"
EndProject
Project("{8BC9CEB8-8B4A-11D0-8D11-00A0C91BC942}") = "colornames", "chap10\colornames\colornames.vcxproj", "{1D4ED0AC-6CFD-3FD2-847F-432D3FC7FBB8}"
EndProject
Project("{8BC9CEB8-8B4A-11D0-8D11-00A0C91BC942}") = "coordinatesetter", "chap10\coordinatesetter\coordinatesetter.vcxproj", "{F87AB550-D53C-37A3-BF2B-8F851B72FED2}"
EndProject
Project("{8BC9CEB8-8B4A-11D0-8D11-00A0C91BC942}") = "currencies", "chap10\currencies\currencies.vcxproj", "{5E5FF571-F420-30AA-9F18-E49CE94F7BC3}"
EndProject
Project("{8BC9CEB8-8B4A-11D0-8D11-00A0C91BC942}") = "directoryviewer", "chap10\directoryviewer\directoryviewer.vcxproj", "{A116F088-55EB-386B-B69D-1C64FEB657DE}"
EndProject
Project("{8BC9CEB8-8B4A-11D0-8D11-00A0C91BC942}") = "flowchartsymbolpicker", "chap10\flowchartsymbolpicker\flowchartsymbolpicker.vcxproj", "{38909D68-B661-3ED0-A97E-4C0252B33092}"
EndProject
Project("{8BC9CEB8-8B4A-11D0-8D11-00A0C91BC942}") = "settingsviewer", "chap10\settingsviewer\settingsviewer.vcxproj", "{18727C72-E50B-37F1-8CFF-50C7E170CCB1}"
EndProject
Project("{8BC9CEB8-8B4A-11D0-8D11-00A0C91BC942}") = "teamleaders", "chap10\teamleaders\teamleaders.vcxproj", "{70F94AEA-CC08-3AAE-A1FA-A859F1832612}"
EndProject
Project("{8BC9CEB8-8B4A-11D0-8D11-00A0C91BC942}") = "trackeditor", "chap10\trackeditor\trackeditor.vcxproj", "{2E3166B1-808C-3594-A4FB-F752D012BB93}"
EndProject
Project("{8BC9CEB8-8B4A-11D0-8D11-00A0C91BC942}") = "imageconverter", "chap12\imageconverter\imageconverter.vcxproj", "{8225E534-ED7E-3DA3-A135-A720BC15278F}"
EndProject
Project("{8BC9CEB8-8B4A-11D0-8D11-00A0C91BC942}") = "imagespace", "chap12\imagespace\imagespace.vcxproj", "{73474C49-82B7-32DA-84EF-B430141C3274}"
EndProject
Project("{8BC9CEB8-8B4A-11D0-8D11-00A0C91BC942}") = "tidy", "chap12\tidy\tidy.vcxproj", "{9D4CC494-A889-3817-A062-A963538E0EF3}"
EndProject
Project("{8BC9CEB8-8B4A-11D0-8D11-00A0C91BC942}") = "scooters", "chap13\scooters\scooters.vcxproj", "{E6E8766A-B59E-3133-B929-B1D88731C208}"
EndProject
Project("{8BC9CEB8-8B4A-11D0-8D11-00A0C91BC942}") = "staffmanager", "chap13\staffmanager\staffmanager.vcxproj", "{CDBC59C5-17DE-31DF-9A08-5AD90DE6D7D2}"
EndProject
Project("{8BC9CEB8-8B4A-11D0-8D11-00A0C91BC942}") = "imagepro", "chap14\imagepro\imagepro.vcxproj", "{8105314C-24DA-3071-B330-432F89DF2D3B}"
EndProject
Project("{8BC9CEB8-8B4A-11D0-8D11-00A0C91BC942}") = "semaphores", "chap14\semaphores\semaphores.vcxproj", "{4C7A5AAA-E048-3FD4-AD42-680C90AB8264}"
EndProject
Project("{8BC9CEB8-8B4A-11D0-8D11-00A0C91BC942}") = "threads", "chap14\threads\threads.vcxproj", "{88D98FA4-AA2C-3E62-BEA7-D72F5BDF6105}"
EndProject
Project("{8BC9CEB8-8B4A-11D0-8D11-00A0C91BC942}") = "waitconditions", "chap14\waitconditions\waitconditions.vcxproj", "{C12CD2FE-E69B-3984-9B79-07BF903FD6D4}"
EndProject
Project("{8BC9CEB8-8B4A-11D0-8D11-00A0C91BC942}") = "ftpget", "chap15\ftpget\ftpget.vcxproj", "{837EA32F-7B78-3686-9BF8-727FA75D7E27}"
EndProject
Project("{8BC9CEB8-8B4A-11D0-8D11-00A0C91BC942}") = "httpget", "chap15\httpget\httpget.vcxproj", "{5096AD04-C233-3484-A1FB-43088FEF7646}"
EndProject
Project("{8BC9CEB8-8B4A-11D0-8D11-00A0C91BC942}") = "spider", "chap15\spider\spider.vcxproj", "{066169A2-03B8-3891-BBC4-226F6F2C42AD}"
EndProject
Project("{8BC9CEB8-8B4A-11D0-8D11-00A0C91BC942}") = "tripplanner", "chap15\tripplanner\tripplanner.vcxproj", "{17F9991F-EF88-3BDA-B9A7-7F1FDAE6CD10}"
EndProject
Project("{8BC9CEB8-8B4A-11D0-8D11-00A0C91BC942}") = "tripserver", "chap15\tripserver\tripserver.vcxproj", "{FEE27AB8-AAAD-305F-B031-5A6DC554E460}"
EndProject
Project("{8BC9CEB8-8B4A-11D0-8D11-00A0C91BC942}") = "weatherballoon", "chap15\weatherballoon\weatherballoon.vcxproj", "{49747D43-BE1A-3ADC-9AEA-58F910E9C3B1}"
EndProject
Project("{8BC9CEB8-8B4A-11D0-8D11-00A0C91BC942}") = "weatherstation", "chap15\weatherstation\weatherstation.vcxproj", "{2C26B84F-04C5-3627-AFFC-37F1731139AD}"
EndProject
Project("{8BC9CEB8-8B4A-11D0-8D11-00A0C91BC942}") = "domparser", "chap16\domparser\domparser.vcxproj", "{A2029708-4F65-3351-AA08-E584C7EE5AD3}"
EndProject
Project("{8BC9CEB8-8B4A-11D0-8D11-00A0C91BC942}") = "saxhandler", "chap16\saxhandler\saxhandler.vcxproj", "{EE6FABB6-371A-3416-9CE1-F169C9813CD6}"
EndProject
Project("{8BC9CEB8-8B4A-11D0-8D11-00A0C91BC942}") = "xmlstreamreader", "chap16\xmlstreamreader\xmlstreamreader.vcxproj", "{78F2CDA6-81D7-3A64-8EA7-1C9E1C9D555B}"
EndProject
Project("{8BC9CEB8-8B4A-11D0-8D11-00A0C91BC942}") = "xmlstreamwriter", "chap16\xmlstreamwriter\xmlstreamwriter.vcxproj", "{0CA8A385-11CD-39B4-9278-3C7F9BC8D939}"
EndProject
Project("{8BC9CEB8-8B4A-11D0-8D11-00A0C91BC942}") = "bronze", "chap19\bronze\bronze.vcxproj", "{2FDCD16F-90C9-38E5-8D24-D39D891518F7}"
EndProject
Project("{8BC9CEB8-8B4A-11D0-8D11-00A0C91BC942}") = "candy", "chap19\candy\candy.vcxproj", "{2B9C835D-C46F-3E7F-B3E7-9AE3C8777F40}"
EndProject
Project("{8BC9CEB8-8B4A-11D0-8D11-00A0C91BC942}") = "teapots", "chap20\teapots\teapots.vcxproj", "{6350E54F-6A59-3BBB-940F-D979C38F7668}"
EndProject
Project("{8BC9CEB8-8B4A-11D0-8D11-00A0C91BC942}") = "tetrahedron", "chap20\tetrahedron\tetrahedron.vcxproj", "{306FC6E4-D164-3E29-90E0-37C1D86B199E}"
EndProject
Project("{8BC9CEB8-8B4A-11D0-8D11-00A0C91BC942}") = "vowelcube", "chap20\vowelcube\vowelcube.vcxproj", "{6CAC4C7E-DFF8-3689-A348-8C9422F41894}"
EndProject
Project("{8BC9CEB8-8B4A-11D0-8D11-00A0C91BC942}") = "basiceffectsplugin", "chap21\basiceffectsplugin\basiceffectsplugin.vcxproj", "{DAE75441-B319-39F6-B2EB-2AF69093B5FA}"
EndProject
Project("{8BC9CEB8-8B4A-11D0-8D11-00A0C91BC942}") = "bronze", "chap21\bronze\bronze.vcxproj", "{A2BA7924-F4ED-3F24-BB8C-9D507C2192A5}"
EndProject
Project("{8BC9CEB8-8B4A-11D0-8D11-00A0C91BC942}") = "bronzestyleplugin", "chap21\bronzestyleplugin\bronzestyleplugin.vcxproj", "{9C451521-51FF-30F2-946D-593F0BA92454}"
EndProject
Project("{8BC9CEB8-8B4A-11D0-8D11-00A0C91BC942}") = "cursorplugin", "chap21\cursorplugin\cursorplugin.vcxproj", "{61C536F3-04BF-3F3B-B434-5A0821062D0A}"
EndProject
Project("{8BC9CEB8-8B4A-11D0-8D11-00A0C91BC942}") = "extraeffectsplugin", "chap21\extraeffectsplugin\extraeffectsplugin.vcxproj", "{304EB1AA-7F35-3E2B-B7BD-092EBBDEC64C}"
EndProject
Project("{8BC9CEB8-8B4A-11D0-8D11-00A0C91BC942}") = "textart", "chap21\textart\textart.vcxproj", "{FE609157-066E-3C88-930C-84F5EEA8828D}"
EndProject
Project("{8BC9CEB8-8B4A-11D0-8D11-00A0C91BC942}") = "calculator", "chap22\calculator\calculator.vcxproj", "{A61E67BD-6DE0-331D-B8A5-B4EFBE2FBB5C}"
EndProject
Project("{8BC9CEB8-8B4A-11D0-8D11-00A0C91BC942}") = "gaspump", "chap22\gaspump\gaspump.vcxproj", "{2BC26F6D-15B1-318D-AA73-6FBE7F1FF64A}"
EndProject
Project("{8BC9CEB8-8B4A-11D0-8D11-00A0C91BC942}") = "htmleditor", "chap22\htmleditor\htmleditor.vcxproj", "{614E9626-66E5-35FD-B963-8B5982620983}"
EndProject
Project("{2150E333-8FDC-42A3-9474-1A3956D46DE8}") = "ch01", "ch01", "{AE2C72CD-0BAA-420C-ACFD-8CA4134C4E68}"
EndProject
Project("{2150E333-8FDC-42A3-9474-1A3956D46DE8}") = "ch02", "ch02", "{A308A05D-60ED-439A-B53E-7C17D929B3FF}"
EndProject
Project("{2150E333-8FDC-42A3-9474-1A3956D46DE8}") = "ch03", "ch03", "{B2A1BDF7-6504-4180-A751-5B7ADA4626C9}"
EndProject
Project("{2150E333-8FDC-42A3-9474-1A3956D46DE8}") = "ch04", "ch04", "{E723FC60-57F5-476E-9F11-DA98200BB3DB}"
EndProject
Project("{2150E333-8FDC-42A3-9474-1A3956D46DE8}") = "ch05", "ch05", "{A1E7A020-457A-4775-8DB3-D2CFD61A98F6}"
EndProject
Project("{2150E333-8FDC-42A3-9474-1A3956D46DE8}") = "ch06", "ch06", "{6F63E658-EC8B-4C59-B7E8-D4E4EF96984C}"
EndProject
Project("{2150E333-8FDC-42A3-9474-1A3956D46DE8}") = "ch07", "ch07", "{06ED5C0F-A451-49F4-BBB4-47CF1DBDE08E}"
EndProject
Project("{2150E333-8FDC-42A3-9474-1A3956D46DE8}") = "ch08", "ch08", "{7A3908BD-0028-4000-8A20-20270D0F41AB}"
EndProject
Project("{2150E333-8FDC-42A3-9474-1A3956D46DE8}") = "ch09", "ch09", "{ED4D291B-7493-4839-994D-B179C2CE3B0F}"
EndProject
Project("{2150E333-8FDC-42A3-9474-1A3956D46DE8}") = "ch10", "ch10", "{8D2B099B-3044-4C99-BF78-2DA8B9E55CC4}"
EndProject
Project("{2150E333-8FDC-42A3-9474-1A3956D46DE8}") = "ch12", "ch12", "{524E973F-D39C-45EF-8665-FD1884022227}"
EndProject
Project("{2150E333-8FDC-42A3-9474-1A3956D46DE8}") = "ch13", "ch13", "{7BE00F0A-215D-4F09-A798-2D2584F3F506}"
EndProject
Project("{2150E333-8FDC-42A3-9474-1A3956D46DE8}") = "ch14", "ch14", "{EC9ADF33-DA50-4DE1-81AB-11B841CB64A0}"
EndProject
Project("{2150E333-8FDC-42A3-9474-1A3956D46DE8}") = "ch15", "ch15", "{B448FB0A-5D47-47F1-BCF1-7B3544A626C7}"
EndProject
Project("{2150E333-8FDC-42A3-9474-1A3956D46DE8}") = "ch16", "ch16", "{C0DE5179-4425-4E52-BB2A-A82B4897F74C}"
EndProject
Project("{2150E333-8FDC-42A3-9474-1A3956D46DE8}") = "ch19", "ch19", "{46DFE381-7E03-4116-B701-6926D20C0784}"
EndProject
Project("{2150E333-8FDC-42A3-9474-1A3956D46DE8}") = "ch20", "ch20", "{2C64DED8-3074-4FCF-BCF4-8093230E8C76}"
EndProject
Project("{2150E333-8FDC-42A3-9474-1A3956D46DE8}") = "ch21", "ch21", "{D5526790-B99D-43F4-9B24-D4BC0AB51A6A}"
EndProject
Project("{2150E333-8FDC-42A3-9474-1A3956D46DE8}") = "ch22", "ch22", "{61C41754-5033-40D0-A8B1-CD914AF89980}"
EndProject
Project("{2150E333-8FDC-42A3-9474-1A3956D46DE8}") = "ch23", "ch23", "{923D1E65-BC5C-4105-A770-6EEF296402AC}"
EndProject
Project("{2150E333-8FDC-42A3-9474-1A3956D46DE8}") = "ch24", "ch24", "{4769B509-60AA-41D9-9A93-1FF9B8560996}"
EndProject
Project("{8BC9CEB8-8B4A-11D0-8D11-00A0C91BC942}") = "addressbook", "chap23\addressbook\addressbook.vcxproj", "{2BD2EA27-95E8-3764-BDF4-F884F04086DD}"
EndProject
Project("{8BC9CEB8-8B4A-11D0-8D11-00A0C91BC942}") = "bouncer", "chap23\bouncer\bouncer.vcxproj", "{0F3AC3C8-BE28-3680-BC9C-930CE4EE2373}"
EndProject
Project("{8BC9CEB8-8B4A-11D0-8D11-00A0C91BC942}") = "mediaplayer", "chap23\mediaplayer\mediaplayer.vcxproj", "{D15B23CD-7806-37C1-B12A-D63EFA92FFC1}"
EndProject
Project("{8BC9CEB8-8B4A-11D0-8D11-00A0C91BC942}") = "tictactoe", "chap23\tictactoe\tictactoe.vcxproj", "{0C5EE70A-4508-3D05-B03C-D65771010A3E}"
EndProject
Project("{8BC9CEB8-8B4A-11D0-8D11-00A0C91BC942}") = "expenses", "chap24\expenses\expenses.vcxproj", "{5ED9FCAC-C35D-3293-982A-66072503ADE7}"
EndProject
Project("{8BC9CEB8-8B4A-11D0-8D11-00A0C91BC942}") = "unitconverter", "chap24\unitconverter\unitconverter.vcxproj", "{E332EDD5-C798-3229-B15C-6D05F66760F2}"
EndProject
Global
	GlobalSection(SolutionConfigurationPlatforms) = preSolution
		Debug|Win32 = Debug|Win32
		Release|Win32 = Release|Win32
	EndGlobalSection
	GlobalSection(ProjectConfigurationPlatforms) = postSolution
		{F56A8D3F-1E49-3774-AA9B-E303B23D5E16}.Debug|Win32.ActiveCfg = Debug|Win32
		{F56A8D3F-1E49-3774-AA9B-E303B23D5E16}.Debug|Win32.Build.0 = Debug|Win32
		{F56A8D3F-1E49-3774-AA9B-E303B23D5E16}.Release|Win32.ActiveCfg = Release|Win32
		{F56A8D3F-1E49-3774-AA9B-E303B23D5E16}.Release|Win32.Build.0 = Release|Win32
		{5BAAF9DA-075B-3A48-B6FE-E6B3F0AEA8B9}.Debug|Win32.ActiveCfg = Debug|Win32
		{5BAAF9DA-075B-3A48-B6FE-E6B3F0AEA8B9}.Debug|Win32.Build.0 = Debug|Win32
		{5BAAF9DA-075B-3A48-B6FE-E6B3F0AEA8B9}.Release|Win32.ActiveCfg = Release|Win32
		{5BAAF9DA-075B-3A48-B6FE-E6B3F0AEA8B9}.Release|Win32.Build.0 = Release|Win32
		{4D5A1698-224B-3DDF-91E9-FC7CE7405BAB}.Debug|Win32.ActiveCfg = Debug|Win32
		{4D5A1698-224B-3DDF-91E9-FC7CE7405BAB}.Debug|Win32.Build.0 = Debug|Win32
		{4D5A1698-224B-3DDF-91E9-FC7CE7405BAB}.Release|Win32.ActiveCfg = Release|Win32
		{4D5A1698-224B-3DDF-91E9-FC7CE7405BAB}.Release|Win32.Build.0 = Release|Win32
		{B52DD353-FD12-30D7-8E22-C3E56CC404A5}.Debug|Win32.ActiveCfg = Debug|Win32
		{B52DD353-FD12-30D7-8E22-C3E56CC404A5}.Debug|Win32.Build.0 = Debug|Win32
		{B52DD353-FD12-30D7-8E22-C3E56CC404A5}.Release|Win32.ActiveCfg = Release|Win32
		{B52DD353-FD12-30D7-8E22-C3E56CC404A5}.Release|Win32.Build.0 = Release|Win32
		{053368A7-5FAF-31F7-BA5D-1097CC8B8C56}.Debug|Win32.ActiveCfg = Debug|Win32
		{053368A7-5FAF-31F7-BA5D-1097CC8B8C56}.Debug|Win32.Build.0 = Debug|Win32
		{053368A7-5FAF-31F7-BA5D-1097CC8B8C56}.Release|Win32.ActiveCfg = Release|Win32
		{053368A7-5FAF-31F7-BA5D-1097CC8B8C56}.Release|Win32.Build.0 = Release|Win32
		{371217E5-043E-3193-9BDC-E1F4DDAC110D}.Debug|Win32.ActiveCfg = Debug|Win32
		{371217E5-043E-3193-9BDC-E1F4DDAC110D}.Debug|Win32.Build.0 = Debug|Win32
		{371217E5-043E-3193-9BDC-E1F4DDAC110D}.Release|Win32.ActiveCfg = Release|Win32
		{371217E5-043E-3193-9BDC-E1F4DDAC110D}.Release|Win32.Build.0 = Release|Win32
		{41FA2D6F-818F-345B-8935-710ED64AE3E3}.Debug|Win32.ActiveCfg = Debug|Win32
		{41FA2D6F-818F-345B-8935-710ED64AE3E3}.Debug|Win32.Build.0 = Debug|Win32
		{41FA2D6F-818F-345B-8935-710ED64AE3E3}.Release|Win32.ActiveCfg = Release|Win32
		{41FA2D6F-818F-345B-8935-710ED64AE3E3}.Release|Win32.Build.0 = Release|Win32
		{90187139-238A-3DA0-9233-0B2E7B95AA15}.Debug|Win32.ActiveCfg = Debug|Win32
		{90187139-238A-3DA0-9233-0B2E7B95AA15}.Debug|Win32.Build.0 = Debug|Win32
		{90187139-238A-3DA0-9233-0B2E7B95AA15}.Release|Win32.ActiveCfg = Release|Win32
		{90187139-238A-3DA0-9233-0B2E7B95AA15}.Release|Win32.Build.0 = Release|Win32
		{0BA04EF5-5102-3699-8EE2-ED03275B9F85}.Debug|Win32.ActiveCfg = Debug|Win32
		{0BA04EF5-5102-3699-8EE2-ED03275B9F85}.Debug|Win32.Build.0 = Debug|Win32
		{0BA04EF5-5102-3699-8EE2-ED03275B9F85}.Release|Win32.ActiveCfg = Release|Win32
		{0BA04EF5-5102-3699-8EE2-ED03275B9F85}.Release|Win32.Build.0 = Release|Win32
		{11D75CB6-E66A-33DE-9C3D-09A2BFA5331A}.Debug|Win32.ActiveCfg = Debug|Win32
		{11D75CB6-E66A-33DE-9C3D-09A2BFA5331A}.Debug|Win32.Build.0 = Debug|Win32
		{11D75CB6-E66A-33DE-9C3D-09A2BFA5331A}.Release|Win32.ActiveCfg = Release|Win32
		{11D75CB6-E66A-33DE-9C3D-09A2BFA5331A}.Release|Win32.Build.0 = Release|Win32
		{8AB356D0-DA68-3C9C-8691-8438F232443D}.Debug|Win32.ActiveCfg = Debug|Win32
		{8AB356D0-DA68-3C9C-8691-8438F232443D}.Debug|Win32.Build.0 = Debug|Win32
		{8AB356D0-DA68-3C9C-8691-8438F232443D}.Release|Win32.ActiveCfg = Release|Win32
		{8AB356D0-DA68-3C9C-8691-8438F232443D}.Release|Win32.Build.0 = Release|Win32
		{CC191209-028C-3F0B-8CC9-F5F941C0456F}.Debug|Win32.ActiveCfg = Debug|Win32
		{CC191209-028C-3F0B-8CC9-F5F941C0456F}.Debug|Win32.Build.0 = Debug|Win32
		{CC191209-028C-3F0B-8CC9-F5F941C0456F}.Release|Win32.ActiveCfg = Release|Win32
		{CC191209-028C-3F0B-8CC9-F5F941C0456F}.Release|Win32.Build.0 = Release|Win32
		{10A49F08-37C0-31F5-ABFD-219391F2D278}.Debug|Win32.ActiveCfg = Debug|Win32
		{10A49F08-37C0-31F5-ABFD-219391F2D278}.Debug|Win32.Build.0 = Debug|Win32
		{10A49F08-37C0-31F5-ABFD-219391F2D278}.Release|Win32.ActiveCfg = Release|Win32
		{10A49F08-37C0-31F5-ABFD-219391F2D278}.Release|Win32.Build.0 = Release|Win32
		{B75731D1-7F71-3251-9CA4-9FB2B2C2BF63}.Debug|Win32.ActiveCfg = Debug|Win32
		{B75731D1-7F71-3251-9CA4-9FB2B2C2BF63}.Debug|Win32.Build.0 = Debug|Win32
		{B75731D1-7F71-3251-9CA4-9FB2B2C2BF63}.Release|Win32.ActiveCfg = Release|Win32
		{B75731D1-7F71-3251-9CA4-9FB2B2C2BF63}.Release|Win32.Build.0 = Release|Win32
		{2B90E5CD-CD05-3DF1-BA1E-849AC8742123}.Debug|Win32.ActiveCfg = Debug|Win32
		{2B90E5CD-CD05-3DF1-BA1E-849AC8742123}.Debug|Win32.Build.0 = Debug|Win32
		{2B90E5CD-CD05-3DF1-BA1E-849AC8742123}.Release|Win32.ActiveCfg = Release|Win32
		{2B90E5CD-CD05-3DF1-BA1E-849AC8742123}.Release|Win32.Build.0 = Release|Win32
		{1725D521-EB6D-3284-87F2-34A67957EB3F}.Debug|Win32.ActiveCfg = Debug|Win32
		{1725D521-EB6D-3284-87F2-34A67957EB3F}.Debug|Win32.Build.0 = Debug|Win32
		{1725D521-EB6D-3284-87F2-34A67957EB3F}.Release|Win32.ActiveCfg = Release|Win32
		{1725D521-EB6D-3284-87F2-34A67957EB3F}.Release|Win32.Build.0 = Release|Win32
		{28EA0D4B-A84D-3020-8E9D-4F2349D31BEE}.Debug|Win32.ActiveCfg = Debug|Win32
		{28EA0D4B-A84D-3020-8E9D-4F2349D31BEE}.Debug|Win32.Build.0 = Debug|Win32
		{28EA0D4B-A84D-3020-8E9D-4F2349D31BEE}.Release|Win32.ActiveCfg = Release|Win32
		{28EA0D4B-A84D-3020-8E9D-4F2349D31BEE}.Release|Win32.Build.0 = Release|Win32
		{BA960010-D7B6-341F-B609-63E9214731CA}.Debug|Win32.ActiveCfg = Debug|Win32
		{BA960010-D7B6-341F-B609-63E9214731CA}.Debug|Win32.Build.0 = Debug|Win32
		{BA960010-D7B6-341F-B609-63E9214731CA}.Release|Win32.ActiveCfg = Release|Win32
		{BA960010-D7B6-341F-B609-63E9214731CA}.Release|Win32.Build.0 = Release|Win32
		{6BD453C3-281B-3091-9AB9-A5F570C1A8A5}.Debug|Win32.ActiveCfg = Debug|Win32
		{6BD453C3-281B-3091-9AB9-A5F570C1A8A5}.Debug|Win32.Build.0 = Debug|Win32
		{6BD453C3-281B-3091-9AB9-A5F570C1A8A5}.Release|Win32.ActiveCfg = Release|Win32
		{6BD453C3-281B-3091-9AB9-A5F570C1A8A5}.Release|Win32.Build.0 = Release|Win32
		{9319630A-4D9E-3442-843F-10EEB250E9FD}.Debug|Win32.ActiveCfg = Debug|Win32
		{9319630A-4D9E-3442-843F-10EEB250E9FD}.Debug|Win32.Build.0 = Debug|Win32
		{9319630A-4D9E-3442-843F-10EEB250E9FD}.Release|Win32.ActiveCfg = Release|Win32
		{9319630A-4D9E-3442-843F-10EEB250E9FD}.Release|Win32.Build.0 = Release|Win32
		{84C92EB0-2EEE-3B66-81E7-96A2D9ECAEC7}.Debug|Win32.ActiveCfg = Debug|Win32
		{84C92EB0-2EEE-3B66-81E7-96A2D9ECAEC7}.Debug|Win32.Build.0 = Debug|Win32
		{84C92EB0-2EEE-3B66-81E7-96A2D9ECAEC7}.Release|Win32.ActiveCfg = Release|Win32
		{84C92EB0-2EEE-3B66-81E7-96A2D9ECAEC7}.Release|Win32.Build.0 = Release|Win32
		{1F951D07-0B96-3A4C-A457-E11BD7C187BD}.Debug|Win32.ActiveCfg = Debug|Win32
		{1F951D07-0B96-3A4C-A457-E11BD7C187BD}.Debug|Win32.Build.0 = Debug|Win32
		{1F951D07-0B96-3A4C-A457-E11BD7C187BD}.Release|Win32.ActiveCfg = Release|Win32
		{1F951D07-0B96-3A4C-A457-E11BD7C187BD}.Release|Win32.Build.0 = Release|Win32
		{446CFB8F-4A89-32B0-8C4A-660BFB405924}.Debug|Win32.ActiveCfg = Debug|Win32
		{446CFB8F-4A89-32B0-8C4A-660BFB405924}.Debug|Win32.Build.0 = Debug|Win32
		{446CFB8F-4A89-32B0-8C4A-660BFB405924}.Release|Win32.ActiveCfg = Release|Win32
		{446CFB8F-4A89-32B0-8C4A-660BFB405924}.Release|Win32.Build.0 = Release|Win32
		{6BCF1F68-720A-3931-B6A0-B13CAFDAC78C}.Debug|Win32.ActiveCfg = Debug|Win32
		{6BCF1F68-720A-3931-B6A0-B13CAFDAC78C}.Debug|Win32.Build.0 = Debug|Win32
		{6BCF1F68-720A-3931-B6A0-B13CAFDAC78C}.Release|Win32.ActiveCfg = Release|Win32
		{6BCF1F68-720A-3931-B6A0-B13CAFDAC78C}.Release|Win32.Build.0 = Release|Win32
		{DA7CD1D3-D841-37D2-AC8F-151789987FF4}.Debug|Win32.ActiveCfg = Debug|Win32
		{DA7CD1D3-D841-37D2-AC8F-151789987FF4}.Debug|Win32.Build.0 = Debug|Win32
		{DA7CD1D3-D841-37D2-AC8F-151789987FF4}.Release|Win32.ActiveCfg = Release|Win32
		{DA7CD1D3-D841-37D2-AC8F-151789987FF4}.Release|Win32.Build.0 = Release|Win32
		{92162BD0-A73E-3363-B66B-8F7FAE7E31CD}.Debug|Win32.ActiveCfg = Debug|Win32
		{92162BD0-A73E-3363-B66B-8F7FAE7E31CD}.Debug|Win32.Build.0 = Debug|Win32
		{92162BD0-A73E-3363-B66B-8F7FAE7E31CD}.Release|Win32.ActiveCfg = Release|Win32
		{92162BD0-A73E-3363-B66B-8F7FAE7E31CD}.Release|Win32.Build.0 = Release|Win32
		{44E9555E-28A5-3052-AC4C-1E0296C08BFE}.Debug|Win32.ActiveCfg = Debug|Win32
		{44E9555E-28A5-3052-AC4C-1E0296C08BFE}.Debug|Win32.Build.0 = Debug|Win32
		{44E9555E-28A5-3052-AC4C-1E0296C08BFE}.Release|Win32.ActiveCfg = Release|Win32
		{44E9555E-28A5-3052-AC4C-1E0296C08BFE}.Release|Win32.Build.0 = Release|Win32
		{FB802CF4-EC3F-30AB-8FA7-DD5DBD865633}.Debug|Win32.ActiveCfg = Debug|Win32
		{FB802CF4-EC3F-30AB-8FA7-DD5DBD865633}.Debug|Win32.Build.0 = Debug|Win32
		{FB802CF4-EC3F-30AB-8FA7-DD5DBD865633}.Release|Win32.ActiveCfg = Release|Win32
		{FB802CF4-EC3F-30AB-8FA7-DD5DBD865633}.Release|Win32.Build.0 = Release|Win32
		{1D4ED0AC-6CFD-3FD2-847F-432D3FC7FBB8}.Debug|Win32.ActiveCfg = Debug|Win32
		{1D4ED0AC-6CFD-3FD2-847F-432D3FC7FBB8}.Debug|Win32.Build.0 = Debug|Win32
		{1D4ED0AC-6CFD-3FD2-847F-432D3FC7FBB8}.Release|Win32.ActiveCfg = Release|Win32
		{1D4ED0AC-6CFD-3FD2-847F-432D3FC7FBB8}.Release|Win32.Build.0 = Release|Win32
		{F87AB550-D53C-37A3-BF2B-8F851B72FED2}.Debug|Win32.ActiveCfg = Debug|Win32
		{F87AB550-D53C-37A3-BF2B-8F851B72FED2}.Debug|Win32.Build.0 = Debug|Win32
		{F87AB550-D53C-37A3-BF2B-8F851B72FED2}.Release|Win32.ActiveCfg = Release|Win32
		{F87AB550-D53C-37A3-BF2B-8F851B72FED2}.Release|Win32.Build.0 = Release|Win32
		{5E5FF571-F420-30AA-9F18-E49CE94F7BC3}.Debug|Win32.ActiveCfg = Debug|Win32
		{5E5FF571-F420-30AA-9F18-E49CE94F7BC3}.Debug|Win32.Build.0 = Debug|Win32
		{5E5FF571-F420-30AA-9F18-E49CE94F7BC3}.Release|Win32.ActiveCfg = Release|Win32
		{5E5FF571-F420-30AA-9F18-E49CE94F7BC3}.Release|Win32.Build.0 = Release|Win32
		{A116F088-55EB-386B-B69D-1C64FEB657DE}.Debug|Win32.ActiveCfg = Debug|Win32
		{A116F088-55EB-386B-B69D-1C64FEB657DE}.Debug|Win32.Build.0 = Debug|Win32
		{A116F088-55EB-386B-B69D-1C64FEB657DE}.Release|Win32.ActiveCfg = Release|Win32
		{A116F088-55EB-386B-B69D-1C64FEB657DE}.Release|Win32.Build.0 = Release|Win32
		{38909D68-B661-3ED0-A97E-4C0252B33092}.Debug|Win32.ActiveCfg = Debug|Win32
		{38909D68-B661-3ED0-A97E-4C0252B33092}.Debug|Win32.Build.0 = Debug|Win32
		{38909D68-B661-3ED0-A97E-4C0252B33092}.Release|Win32.ActiveCfg = Release|Win32
		{38909D68-B661-3ED0-A97E-4C0252B33092}.Release|Win32.Build.0 = Release|Win32
		{18727C72-E50B-37F1-8CFF-50C7E170CCB1}.Debug|Win32.ActiveCfg = Debug|Win32
		{18727C72-E50B-37F1-8CFF-50C7E170CCB1}.Debug|Win32.Build.0 = Debug|Win32
		{18727C72-E50B-37F1-8CFF-50C7E170CCB1}.Release|Win32.ActiveCfg = Release|Win32
		{18727C72-E50B-37F1-8CFF-50C7E170CCB1}.Release|Win32.Build.0 = Release|Win32
		{70F94AEA-CC08-3AAE-A1FA-A859F1832612}.Debug|Win32.ActiveCfg = Debug|Win32
		{70F94AEA-CC08-3AAE-A1FA-A859F1832612}.Debug|Win32.Build.0 = Debug|Win32
		{70F94AEA-CC08-3AAE-A1FA-A859F1832612}.Release|Win32.ActiveCfg = Release|Win32
		{70F94AEA-CC08-3AAE-A1FA-A859F1832612}.Release|Win32.Build.0 = Release|Win32
		{2E3166B1-808C-3594-A4FB-F752D012BB93}.Debug|Win32.ActiveCfg = Debug|Win32
		{2E3166B1-808C-3594-A4FB-F752D012BB93}.Debug|Win32.Build.0 = Debug|Win32
		{2E3166B1-808C-3594-A4FB-F752D012BB93}.Release|Win32.ActiveCfg = Release|Win32
		{2E3166B1-808C-3594-A4FB-F752D012BB93}.Release|Win32.Build.0 = Release|Win32
		{8225E534-ED7E-3DA3-A135-A720BC15278F}.Debug|Win32.ActiveCfg = Debug|Win32
		{8225E534-ED7E-3DA3-A135-A720BC15278F}.Debug|Win32.Build.0 = Debug|Win32
		{8225E534-ED7E-3DA3-A135-A720BC15278F}.Release|Win32.ActiveCfg = Release|Win32
		{8225E534-ED7E-3DA3-A135-A720BC15278F}.Release|Win32.Build.0 = Release|Win32
		{73474C49-82B7-32DA-84EF-B430141C3274}.Debug|Win32.ActiveCfg = Debug|Win32
		{73474C49-82B7-32DA-84EF-B430141C3274}.Debug|Win32.Build.0 = Debug|Win32
		{73474C49-82B7-32DA-84EF-B430141C3274}.Release|Win32.ActiveCfg = Release|Win32
		{73474C49-82B7-32DA-84EF-B430141C3274}.Release|Win32.Build.0 = Release|Win32
		{9D4CC494-A889-3817-A062-A963538E0EF3}.Debug|Win32.ActiveCfg = Debug|Win32
		{9D4CC494-A889-3817-A062-A963538E0EF3}.Debug|Win32.Build.0 = Debug|Win32
		{9D4CC494-A889-3817-A062-A963538E0EF3}.Release|Win32.ActiveCfg = Release|Win32
		{9D4CC494-A889-3817-A062-A963538E0EF3}.Release|Win32.Build.0 = Release|Win32
		{E6E8766A-B59E-3133-B929-B1D88731C208}.Debug|Win32.ActiveCfg = Debug|Win32
		{E6E8766A-B59E-3133-B929-B1D88731C208}.Debug|Win32.Build.0 = Debug|Win32
		{E6E8766A-B59E-3133-B929-B1D88731C208}.Release|Win32.ActiveCfg = Release|Win32
		{E6E8766A-B59E-3133-B929-B1D88731C208}.Release|Win32.Build.0 = Release|Win32
		{CDBC59C5-17DE-31DF-9A08-5AD90DE6D7D2}.Debug|Win32.ActiveCfg = Debug|Win32
		{CDBC59C5-17DE-31DF-9A08-5AD90DE6D7D2}.Debug|Win32.Build.0 = Debug|Win32
		{CDBC59C5-17DE-31DF-9A08-5AD90DE6D7D2}.Release|Win32.ActiveCfg = Release|Win32
		{CDBC59C5-17DE-31DF-9A08-5AD90DE6D7D2}.Release|Win32.Build.0 = Release|Win32
		{8105314C-24DA-3071-B330-432F89DF2D3B}.Debug|Win32.ActiveCfg = Debug|Win32
		{8105314C-24DA-3071-B330-432F89DF2D3B}.Debug|Win32.Build.0 = Debug|Win32
		{8105314C-24DA-3071-B330-432F89DF2D3B}.Release|Win32.ActiveCfg = Release|Win32
		{8105314C-24DA-3071-B330-432F89DF2D3B}.Release|Win32.Build.0 = Release|Win32
		{4C7A5AAA-E048-3FD4-AD42-680C90AB8264}.Debug|Win32.ActiveCfg = Debug|Win32
		{4C7A5AAA-E048-3FD4-AD42-680C90AB8264}.Debug|Win32.Build.0 = Debug|Win32
		{4C7A5AAA-E048-3FD4-AD42-680C90AB8264}.Release|Win32.ActiveCfg = Release|Win32
		{4C7A5AAA-E048-3FD4-AD42-680C90AB8264}.Release|Win32.Build.0 = Release|Win32
		{88D98FA4-AA2C-3E62-BEA7-D72F5BDF6105}.Debug|Win32.ActiveCfg = Debug|Win32
		{88D98FA4-AA2C-3E62-BEA7-D72F5BDF6105}.Debug|Win32.Build.0 = Debug|Win32
		{88D98FA4-AA2C-3E62-BEA7-D72F5BDF6105}.Release|Win32.ActiveCfg = Release|Win32
		{88D98FA4-AA2C-3E62-BEA7-D72F5BDF6105}.Release|Win32.Build.0 = Release|Win32
		{C12CD2FE-E69B-3984-9B79-07BF903FD6D4}.Debug|Win32.ActiveCfg = Debug|Win32
		{C12CD2FE-E69B-3984-9B79-07BF903FD6D4}.Debug|Win32.Build.0 = Debug|Win32
		{C12CD2FE-E69B-3984-9B79-07BF903FD6D4}.Release|Win32.ActiveCfg = Release|Win32
		{C12CD2FE-E69B-3984-9B79-07BF903FD6D4}.Release|Win32.Build.0 = Release|Win32
		{837EA32F-7B78-3686-9BF8-727FA75D7E27}.Debug|Win32.ActiveCfg = Debug|Win32
		{837EA32F-7B78-3686-9BF8-727FA75D7E27}.Debug|Win32.Build.0 = Debug|Win32
		{837EA32F-7B78-3686-9BF8-727FA75D7E27}.Release|Win32.ActiveCfg = Release|Win32
		{837EA32F-7B78-3686-9BF8-727FA75D7E27}.Release|Win32.Build.0 = Release|Win32
		{5096AD04-C233-3484-A1FB-43088FEF7646}.Debug|Win32.ActiveCfg = Debug|Win32
		{5096AD04-C233-3484-A1FB-43088FEF7646}.Debug|Win32.Build.0 = Debug|Win32
		{5096AD04-C233-3484-A1FB-43088FEF7646}.Release|Win32.ActiveCfg = Release|Win32
		{5096AD04-C233-3484-A1FB-43088FEF7646}.Release|Win32.Build.0 = Release|Win32
		{066169A2-03B8-3891-BBC4-226F6F2C42AD}.Debug|Win32.ActiveCfg = Debug|Win32
		{066169A2-03B8-3891-BBC4-226F6F2C42AD}.Debug|Win32.Build.0 = Debug|Win32
		{066169A2-03B8-3891-BBC4-226F6F2C42AD}.Release|Win32.ActiveCfg = Release|Win32
		{066169A2-03B8-3891-BBC4-226F6F2C42AD}.Release|Win32.Build.0 = Release|Win32
		{17F9991F-EF88-3BDA-B9A7-7F1FDAE6CD10}.Debug|Win32.ActiveCfg = Debug|Win32
		{17F9991F-EF88-3BDA-B9A7-7F1FDAE6CD10}.Debug|Win32.Build.0 = Debug|Win32
		{17F9991F-EF88-3BDA-B9A7-7F1FDAE6CD10}.Release|Win32.ActiveCfg = Release|Win32
		{17F9991F-EF88-3BDA-B9A7-7F1FDAE6CD10}.Release|Win32.Build.0 = Release|Win32
		{FEE27AB8-AAAD-305F-B031-5A6DC554E460}.Debug|Win32.ActiveCfg = Debug|Win32
		{FEE27AB8-AAAD-305F-B031-5A6DC554E460}.Debug|Win32.Build.0 = Debug|Win32
		{FEE27AB8-AAAD-305F-B031-5A6DC554E460}.Release|Win32.ActiveCfg = Release|Win32
		{FEE27AB8-AAAD-305F-B031-5A6DC554E460}.Release|Win32.Build.0 = Release|Win32
		{49747D43-BE1A-3ADC-9AEA-58F910E9C3B1}.Debug|Win32.ActiveCfg = Debug|Win32
		{49747D43-BE1A-3ADC-9AEA-58F910E9C3B1}.Debug|Win32.Build.0 = Debug|Win32
		{49747D43-BE1A-3ADC-9AEA-58F910E9C3B1}.Release|Win32.ActiveCfg = Release|Win32
		{49747D43-BE1A-3ADC-9AEA-58F910E9C3B1}.Release|Win32.Build.0 = Release|Win32
		{2C26B84F-04C5-3627-AFFC-37F1731139AD}.Debug|Win32.ActiveCfg = Debug|Win32
		{2C26B84F-04C5-3627-AFFC-37F1731139AD}.Debug|Win32.Build.0 = Debug|Win32
		{2C26B84F-04C5-3627-AFFC-37F1731139AD}.Release|Win32.ActiveCfg = Release|Win32
		{2C26B84F-04C5-3627-AFFC-37F1731139AD}.Release|Win32.Build.0 = Release|Win32
		{A2029708-4F65-3351-AA08-E584C7EE5AD3}.Debug|Win32.ActiveCfg = Debug|Win32
		{A2029708-4F65-3351-AA08-E584C7EE5AD3}.Debug|Win32.Build.0 = Debug|Win32
		{A2029708-4F65-3351-AA08-E584C7EE5AD3}.Release|Win32.ActiveCfg = Release|Win32
		{A2029708-4F65-3351-AA08-E584C7EE5AD3}.Release|Win32.Build.0 = Release|Win32
		{EE6FABB6-371A-3416-9CE1-F169C9813CD6}.Debug|Win32.ActiveCfg = Debug|Win32
		{EE6FABB6-371A-3416-9CE1-F169C9813CD6}.Debug|Win32.Build.0 = Debug|Win32
		{EE6FABB6-371A-3416-9CE1-F169C9813CD6}.Release|Win32.ActiveCfg = Release|Win32
		{EE6FABB6-371A-3416-9CE1-F169C9813CD6}.Release|Win32.Build.0 = Release|Win32
		{78F2CDA6-81D7-3A64-8EA7-1C9E1C9D555B}.Debug|Win32.ActiveCfg = Debug|Win32
		{78F2CDA6-81D7-3A64-8EA7-1C9E1C9D555B}.Debug|Win32.Build.0 = Debug|Win32
		{78F2CDA6-81D7-3A64-8EA7-1C9E1C9D555B}.Release|Win32.ActiveCfg = Release|Win32
		{78F2CDA6-81D7-3A64-8EA7-1C9E1C9D555B}.Release|Win32.Build.0 = Release|Win32
		{0CA8A385-11CD-39B4-9278-3C7F9BC8D939}.Debug|Win32.ActiveCfg = Debug|Win32
		{0CA8A385-11CD-39B4-9278-3C7F9BC8D939}.Debug|Win32.Build.0 = Debug|Win32
		{0CA8A385-11CD-39B4-9278-3C7F9BC8D939}.Release|Win32.ActiveCfg = Release|Win32
		{0CA8A385-11CD-39B4-9278-3C7F9BC8D939}.Release|Win32.Build.0 = Release|Win32
		{2FDCD16F-90C9-38E5-8D24-D39D891518F7}.Debug|Win32.ActiveCfg = Debug|Win32
		{2FDCD16F-90C9-38E5-8D24-D39D891518F7}.Debug|Win32.Build.0 = Debug|Win32
		{2FDCD16F-90C9-38E5-8D24-D39D891518F7}.Release|Win32.ActiveCfg = Release|Win32
		{2FDCD16F-90C9-38E5-8D24-D39D891518F7}.Release|Win32.Build.0 = Release|Win32
		{2B9C835D-C46F-3E7F-B3E7-9AE3C8777F40}.Debug|Win32.ActiveCfg = Debug|Win32
		{2B9C835D-C46F-3E7F-B3E7-9AE3C8777F40}.Debug|Win32.Build.0 = Debug|Win32
		{2B9C835D-C46F-3E7F-B3E7-9AE3C8777F40}.Release|Win32.ActiveCfg = Release|Win32
		{2B9C835D-C46F-3E7F-B3E7-9AE3C8777F40}.Release|Win32.Build.0 = Release|Win32
		{6350E54F-6A59-3BBB-940F-D979C38F7668}.Debug|Win32.ActiveCfg = Debug|Win32
		{6350E54F-6A59-3BBB-940F-D979C38F7668}.Debug|Win32.Build.0 = Debug|Win32
		{6350E54F-6A59-3BBB-940F-D979C38F7668}.Release|Win32.ActiveCfg = Release|Win32
		{6350E54F-6A59-3BBB-940F-D979C38F7668}.Release|Win32.Build.0 = Release|Win32
		{306FC6E4-D164-3E29-90E0-37C1D86B199E}.Debug|Win32.ActiveCfg = Debug|Win32
		{306FC6E4-D164-3E29-90E0-37C1D86B199E}.Debug|Win32.Build.0 = Debug|Win32
		{306FC6E4-D164-3E29-90E0-37C1D86B199E}.Release|Win32.ActiveCfg = Release|Win32
		{306FC6E4-D164-3E29-90E0-37C1D86B199E}.Release|Win32.Build.0 = Release|Win32
		{6CAC4C7E-DFF8-3689-A348-8C9422F41894}.Debug|Win32.ActiveCfg = Debug|Win32
		{6CAC4C7E-DFF8-3689-A348-8C9422F41894}.Debug|Win32.Build.0 = Debug|Win32
		{6CAC4C7E-DFF8-3689-A348-8C9422F41894}.Release|Win32.ActiveCfg = Release|Win32
		{6CAC4C7E-DFF8-3689-A348-8C9422F41894}.Release|Win32.Build.0 = Release|Win32
		{DAE75441-B319-39F6-B2EB-2AF69093B5FA}.Debug|Win32.ActiveCfg = Debug|Win32
		{DAE75441-B319-39F6-B2EB-2AF69093B5FA}.Debug|Win32.Build.0 = Debug|Win32
		{DAE75441-B319-39F6-B2EB-2AF69093B5FA}.Release|Win32.ActiveCfg = Release|Win32
		{DAE75441-B319-39F6-B2EB-2AF69093B5FA}.Release|Win32.Build.0 = Release|Win32
		{A2BA7924-F4ED-3F24-BB8C-9D507C2192A5}.Debug|Win32.ActiveCfg = Debug|Win32
		{A2BA7924-F4ED-3F24-BB8C-9D507C2192A5}.Debug|Win32.Build.0 = Debug|Win32
		{A2BA7924-F4ED-3F24-BB8C-9D507C2192A5}.Release|Win32.ActiveCfg = Release|Win32
		{A2BA7924-F4ED-3F24-BB8C-9D507C2192A5}.Release|Win32.Build.0 = Release|Win32
		{9C451521-51FF-30F2-946D-593F0BA92454}.Debug|Win32.ActiveCfg = Debug|Win32
		{9C451521-51FF-30F2-946D-593F0BA92454}.Debug|Win32.Build.0 = Debug|Win32
		{9C451521-51FF-30F2-946D-593F0BA92454}.Release|Win32.ActiveCfg = Release|Win32
		{9C451521-51FF-30F2-946D-593F0BA92454}.Release|Win32.Build.0 = Release|Win32
		{61C536F3-04BF-3F3B-B434-5A0821062D0A}.Debug|Win32.ActiveCfg = Debug|Win32
		{61C536F3-04BF-3F3B-B434-5A0821062D0A}.Debug|Win32.Build.0 = Debug|Win32
		{61C536F3-04BF-3F3B-B434-5A0821062D0A}.Release|Win32.ActiveCfg = Release|Win32
		{61C536F3-04BF-3F3B-B434-5A0821062D0A}.Release|Win32.Build.0 = Release|Win32
		{304EB1AA-7F35-3E2B-B7BD-092EBBDEC64C}.Debug|Win32.ActiveCfg = Debug|Win32
		{304EB1AA-7F35-3E2B-B7BD-092EBBDEC64C}.Debug|Win32.Build.0 = Debug|Win32
		{304EB1AA-7F35-3E2B-B7BD-092EBBDEC64C}.Release|Win32.ActiveCfg = Release|Win32
		{304EB1AA-7F35-3E2B-B7BD-092EBBDEC64C}.Release|Win32.Build.0 = Release|Win32
		{FE609157-066E-3C88-930C-84F5EEA8828D}.Debug|Win32.ActiveCfg = Debug|Win32
		{FE609157-066E-3C88-930C-84F5EEA8828D}.Debug|Win32.Build.0 = Debug|Win32
		{FE609157-066E-3C88-930C-84F5EEA8828D}.Release|Win32.ActiveCfg = Release|Win32
		{FE609157-066E-3C88-930C-84F5EEA8828D}.Release|Win32.Build.0 = Release|Win32
		{A61E67BD-6DE0-331D-B8A5-B4EFBE2FBB5C}.Debug|Win32.ActiveCfg = Debug|Win32
		{A61E67BD-6DE0-331D-B8A5-B4EFBE2FBB5C}.Debug|Win32.Build.0 = Debug|Win32
		{A61E67BD-6DE0-331D-B8A5-B4EFBE2FBB5C}.Release|Win32.ActiveCfg = Release|Win32
		{A61E67BD-6DE0-331D-B8A5-B4EFBE2FBB5C}.Release|Win32.Build.0 = Release|Win32
		{2BC26F6D-15B1-318D-AA73-6FBE7F1FF64A}.Debug|Win32.ActiveCfg = Debug|Win32
		{2BC26F6D-15B1-318D-AA73-6FBE7F1FF64A}.Debug|Win32.Build.0 = Debug|Win32
		{2BC26F6D-15B1-318D-AA73-6FBE7F1FF64A}.Release|Win32.ActiveCfg = Release|Win32
		{2BC26F6D-15B1-318D-AA73-6FBE7F1FF64A}.Release|Win32.Build.0 = Release|Win32
		{614E9626-66E5-35FD-B963-8B5982620983}.Debug|Win32.ActiveCfg = Debug|Win32
		{614E9626-66E5-35FD-B963-8B5982620983}.Debug|Win32.Build.0 = Debug|Win32
		{614E9626-66E5-35FD-B963-8B5982620983}.Release|Win32.ActiveCfg = Release|Win32
		{614E9626-66E5-35FD-B963-8B5982620983}.Release|Win32.Build.0 = Release|Win32
		{2BD2EA27-95E8-3764-BDF4-F884F04086DD}.Debug|Win32.ActiveCfg = Debug|Win32
		{2BD2EA27-95E8-3764-BDF4-F884F04086DD}.Debug|Win32.Build.0 = Debug|Win32
		{2BD2EA27-95E8-3764-BDF4-F884F04086DD}.Release|Win32.ActiveCfg = Release|Win32
		{2BD2EA27-95E8-3764-BDF4-F884F04086DD}.Release|Win32.Build.0 = Release|Win32
		{0F3AC3C8-BE28-3680-BC9C-930CE4EE2373}.Debug|Win32.ActiveCfg = Debug|Win32
		{0F3AC3C8-BE28-3680-BC9C-930CE4EE2373}.Debug|Win32.Build.0 = Debug|Win32
		{0F3AC3C8-BE28-3680-BC9C-930CE4EE2373}.Release|Win32.ActiveCfg = Release|Win32
		{0F3AC3C8-BE28-3680-BC9C-930CE4EE2373}.Release|Win32.Build.0 = Release|Win32
		{D15B23CD-7806-37C1-B12A-D63EFA92FFC1}.Debug|Win32.ActiveCfg = Debug|Win32
		{D15B23CD-7806-37C1-B12A-D63EFA92FFC1}.Debug|Win32.Build.0 = Debug|Win32
		{D15B23CD-7806-37C1-B12A-D63EFA92FFC1}.Release|Win32.ActiveCfg = Release|Win32
		{D15B23CD-7806-37C1-B12A-D63EFA92FFC1}.Release|Win32.Build.0 = Release|Win32
		{0C5EE70A-4508-3D05-B03C-D65771010A3E}.Debug|Win32.ActiveCfg = Debug|Win32
		{0C5EE70A-4508-3D05-B03C-D65771010A3E}.Debug|Win32.Build.0 = Debug|Win32
		{0C5EE70A-4508-3D05-B03C-D65771010A3E}.Release|Win32.ActiveCfg = Release|Win32
		{0C5EE70A-4508-3D05-B03C-D65771010A3E}.Release|Win32.Build.0 = Release|Win32
		{5ED9FCAC-C35D-3293-982A-66072503ADE7}.Debug|Win32.ActiveCfg = Debug|Win32
		{5ED9FCAC-C35D-3293-982A-66072503ADE7}.Debug|Win32.Build.0 = Debug|Win32
		{5ED9FCAC-C35D-3293-982A-66072503ADE7}.Release|Win32.ActiveCfg = Release|Win32
		{5ED9FCAC-C35D-3293-982A-66072503ADE7}.Release|Win32.Build.0 = Release|Win32
		{E332EDD5-C798-3229-B15C-6D05F66760F2}.Debug|Win32.ActiveCfg = Debug|Win32
		{E332EDD5-C798-3229-B15C-6D05F66760F2}.Debug|Win32.Build.0 = Debug|Win32
		{E332EDD5-C798-3229-B15C-6D05F66760F2}.Release|Win32.ActiveCfg = Release|Win32
		{E332EDD5-C798-3229-B15C-6D05F66760F2}.Release|Win32.Build.0 = Release|Win32
	EndGlobalSection
	GlobalSection(SolutionProperties) = preSolution
		HideSolutionNode = FALSE
	EndGlobalSection
	GlobalSection(NestedProjects) = preSolution
		{F56A8D3F-1E49-3774-AA9B-E303B23D5E16} = {AE2C72CD-0BAA-420C-ACFD-8CA4134C4E68}
		{5BAAF9DA-075B-3A48-B6FE-E6B3F0AEA8B9} = {AE2C72CD-0BAA-420C-ACFD-8CA4134C4E68}
		{4D5A1698-224B-3DDF-91E9-FC7CE7405BAB} = {AE2C72CD-0BAA-420C-ACFD-8CA4134C4E68}
		{B52DD353-FD12-30D7-8E22-C3E56CC404A5} = {A308A05D-60ED-439A-B53E-7C17D929B3FF}
		{053368A7-5FAF-31F7-BA5D-1097CC8B8C56} = {A308A05D-60ED-439A-B53E-7C17D929B3FF}
		{371217E5-043E-3193-9BDC-E1F4DDAC110D} = {A308A05D-60ED-439A-B53E-7C17D929B3FF}
		{41FA2D6F-818F-345B-8935-710ED64AE3E3} = {A308A05D-60ED-439A-B53E-7C17D929B3FF}
		{90187139-238A-3DA0-9233-0B2E7B95AA15} = {A308A05D-60ED-439A-B53E-7C17D929B3FF}
		{0BA04EF5-5102-3699-8EE2-ED03275B9F85} = {B2A1BDF7-6504-4180-A751-5B7ADA4626C9}
		{11D75CB6-E66A-33DE-9C3D-09A2BFA5331A} = {E723FC60-57F5-476E-9F11-DA98200BB3DB}
		{8AB356D0-DA68-3C9C-8691-8438F232443D} = {A1E7A020-457A-4775-8DB3-D2CFD61A98F6}
		{CC191209-028C-3F0B-8CC9-F5F941C0456F} = {A1E7A020-457A-4775-8DB3-D2CFD61A98F6}
		{10A49F08-37C0-31F5-ABFD-219391F2D278} = {A1E7A020-457A-4775-8DB3-D2CFD61A98F6}
		{B75731D1-7F71-3251-9CA4-9FB2B2C2BF63} = {A1E7A020-457A-4775-8DB3-D2CFD61A98F6}
		{2B90E5CD-CD05-3DF1-BA1E-849AC8742123} = {6F63E658-EC8B-4C59-B7E8-D4E4EF96984C}
		{1725D521-EB6D-3284-87F2-34A67957EB3F} = {6F63E658-EC8B-4C59-B7E8-D4E4EF96984C}
		{28EA0D4B-A84D-3020-8E9D-4F2349D31BEE} = {6F63E658-EC8B-4C59-B7E8-D4E4EF96984C}
		{BA960010-D7B6-341F-B609-63E9214731CA} = {6F63E658-EC8B-4C59-B7E8-D4E4EF96984C}
		{6BD453C3-281B-3091-9AB9-A5F570C1A8A5} = {6F63E658-EC8B-4C59-B7E8-D4E4EF96984C}
		{9319630A-4D9E-3442-843F-10EEB250E9FD} = {6F63E658-EC8B-4C59-B7E8-D4E4EF96984C}
		{84C92EB0-2EEE-3B66-81E7-96A2D9ECAEC7} = {6F63E658-EC8B-4C59-B7E8-D4E4EF96984C}
		{1F951D07-0B96-3A4C-A457-E11BD7C187BD} = {06ED5C0F-A451-49F4-BBB4-47CF1DBDE08E}
		{446CFB8F-4A89-32B0-8C4A-660BFB405924} = {7A3908BD-0028-4000-8A20-20270D0F41AB}
		{6BCF1F68-720A-3931-B6A0-B13CAFDAC78C} = {7A3908BD-0028-4000-8A20-20270D0F41AB}
		{DA7CD1D3-D841-37D2-AC8F-151789987FF4} = {7A3908BD-0028-4000-8A20-20270D0F41AB}
		{92162BD0-A73E-3363-B66B-8F7FAE7E31CD} = {ED4D291B-7493-4839-994D-B179C2CE3B0F}
		{44E9555E-28A5-3052-AC4C-1E0296C08BFE} = {8D2B099B-3044-4C99-BF78-2DA8B9E55CC4}
		{FB802CF4-EC3F-30AB-8FA7-DD5DBD865633} = {8D2B099B-3044-4C99-BF78-2DA8B9E55CC4}
		{1D4ED0AC-6CFD-3FD2-847F-432D3FC7FBB8} = {8D2B099B-3044-4C99-BF78-2DA8B9E55CC4}
		{F87AB550-D53C-37A3-BF2B-8F851B72FED2} = {8D2B099B-3044-4C99-BF78-2DA8B9E55CC4}
		{5E5FF571-F420-30AA-9F18-E49CE94F7BC3} = {8D2B099B-3044-4C99-BF78-2DA8B9E55CC4}
		{A116F088-55EB-386B-B69D-1C64FEB657DE} = {8D2B099B-3044-4C99-BF78-2DA8B9E55CC4}
		{38909D68-B661-3ED0-A97E-4C0252B33092} = {8D2B099B-3044-4C99-BF78-2DA8B9E55CC4}
		{18727C72-E50B-37F1-8CFF-50C7E170CCB1} = {8D2B099B-3044-4C99-BF78-2DA8B9E55CC4}
		{70F94AEA-CC08-3AAE-A1FA-A859F1832612} = {8D2B099B-3044-4C99-BF78-2DA8B9E55CC4}
		{2E3166B1-808C-3594-A4FB-F752D012BB93} = {8D2B099B-3044-4C99-BF78-2DA8B9E55CC4}
		{8225E534-ED7E-3DA3-A135-A720BC15278F} = {524E973F-D39C-45EF-8665-FD1884022227}
		{73474C49-82B7-32DA-84EF-B430141C3274} = {524E973F-D39C-45EF-8665-FD1884022227}
		{9D4CC494-A889-3817-A062-A963538E0EF3} = {524E973F-D39C-45EF-8665-FD1884022227}
		{E6E8766A-B59E-3133-B929-B1D88731C208} = {7BE00F0A-215D-4F09-A798-2D2584F3F506}
		{CDBC59C5-17DE-31DF-9A08-5AD90DE6D7D2} = {7BE00F0A-215D-4F09-A798-2D2584F3F506}
		{8105314C-24DA-3071-B330-432F89DF2D3B} = {EC9ADF33-DA50-4DE1-81AB-11B841CB64A0}
		{4C7A5AAA-E048-3FD4-AD42-680C90AB8264} = {EC9ADF33-DA50-4DE1-81AB-11B841CB64A0}
		{88D98FA4-AA2C-3E62-BEA7-D72F5BDF6105} = {EC9ADF33-DA50-4DE1-81AB-11B841CB64A0}
		{C12CD2FE-E69B-3984-9B79-07BF903FD6D4} = {EC9ADF33-DA50-4DE1-81AB-11B841CB64A0}
		{837EA32F-7B78-3686-9BF8-727FA75D7E27} = {B448FB0A-5D47-47F1-BCF1-7B3544A626C7}
		{5096AD04-C233-3484-A1FB-43088FEF7646} = {B448FB0A-5D47-47F1-BCF1-7B3544A626C7}
		{066169A2-03B8-3891-BBC4-226F6F2C42AD} = {B448FB0A-5D47-47F1-BCF1-7B3544A626C7}
		{17F9991F-EF88-3BDA-B9A7-7F1FDAE6CD10} = {B448FB0A-5D47-47F1-BCF1-7B3544A626C7}
		{FEE27AB8-AAAD-305F-B031-5A6DC554E460} = {B448FB0A-5D47-47F1-BCF1-7B3544A626C7}
		{49747D43-BE1A-3ADC-9AEA-58F910E9C3B1} = {B448FB0A-5D47-47F1-BCF1-7B3544A626C7}
		{2C26B84F-04C5-3627-AFFC-37F1731139AD} = {B448FB0A-5D47-47F1-BCF1-7B3544A626C7}
		{A2029708-4F65-3351-AA08-E584C7EE5AD3} = {C0DE5179-4425-4E52-BB2A-A82B4897F74C}
		{EE6FABB6-371A-3416-9CE1-F169C9813CD6} = {C0DE5179-4425-4E52-BB2A-A82B4897F74C}
		{78F2CDA6-81D7-3A64-8EA7-1C9E1C9D555B} = {C0DE5179-4425-4E52-BB2A-A82B4897F74C}
		{0CA8A385-11CD-39B4-9278-3C7F9BC8D939} = {C0DE5179-4425-4E52-BB2A-A82B4897F74C}
		{2FDCD16F-90C9-38E5-8D24-D39D891518F7} = {46DFE381-7E03-4116-B701-6926D20C0784}
		{2B9C835D-C46F-3E7F-B3E7-9AE3C8777F40} = {46DFE381-7E03-4116-B701-6926D20C0784}
		{6350E54F-6A59-3BBB-940F-D979C38F7668} = {2C64DED8-3074-4FCF-BCF4-8093230E8C76}
		{306FC6E4-D164-3E29-90E0-37C1D86B199E} = {2C64DED8-3074-4FCF-BCF4-8093230E8C76}
		{6CAC4C7E-DFF8-3689-A348-8C9422F41894} = {2C64DED8-3074-4FCF-BCF4-8093230E8C76}
		{DAE75441-B319-39F6-B2EB-2AF69093B5FA} = {D5526790-B99D-43F4-9B24-D4BC0AB51A6A}
		{A2BA7924-F4ED-3F24-BB8C-9D507C2192A5} = {D5526790-B99D-43F4-9B24-D4BC0AB51A6A}
		{9C451521-51FF-30F2-946D-593F0BA92454} = {D5526790-B99D-43F4-9B24-D4BC0AB51A6A}
		{61C536F3-04BF-3F3B-B434-5A0821062D0A} = {D5526790-B99D-43F4-9B24-D4BC0AB51A6A}
		{304EB1AA-7F35-3E2B-B7BD-092EBBDEC64C} = {D5526790-B99D-43F4-9B24-D4BC0AB51A6A}
		{FE609157-066E-3C88-930C-84F5EEA8828D} = {D5526790-B99D-43F4-9B24-D4BC0AB51A6A}
		{A61E67BD-6DE0-331D-B8A5-B4EFBE2FBB5C} = {61C41754-5033-40D0-A8B1-CD914AF89980}
		{2BC26F6D-15B1-318D-AA73-6FBE7F1FF64A} = {61C41754-5033-40D0-A8B1-CD914AF89980}
		{614E9626-66E5-35FD-B963-8B5982620983} = {61C41754-5033-40D0-A8B1-CD914AF89980}
		{2BD2EA27-95E8-3764-BDF4-F884F04086DD} = {923D1E65-BC5C-4105-A770-6EEF296402AC}
		{0F3AC3C8-BE28-3680-BC9C-930CE4EE2373} = {923D1E65-BC5C-4105-A770-6EEF296402AC}
		{D15B23CD-7806-37C1-B12A-D63EFA92FFC1} = {923D1E65-BC5C-4105-A770-6EEF296402AC}
		{0C5EE70A-4508-3D05-B03C-D65771010A3E} = {923D1E65-BC5C-4105-A770-6EEF296402AC}
		{5ED9FCAC-C35D-3293-982A-66072503ADE7} = {4769B509-60AA-41D9-9A93-1FF9B8560996}
		{E332EDD5-C798-3229-B15C-6D05F66760F2} = {4769B509-60AA-41D9-9A93-1FF9B8560996}
	EndGlobalSection
EndGlobal
